
Microsoft Visual Studio Solution File, Format Version 12.00
# Visual Studio Version 17
VisualStudioVersion = 17.14.36212.18 d17.14
MinimumVisualStudioVersion = 10.0.40219.1
Project("{FAE04EC0-301F-11D3-BF4B-00C04F79EFBC}") = "Entity.Lawfullingo", "Entity.Lawfullingo\Entity.Lawfullingo.csproj", "{FB94C3E4-0073-4CC0-8E35-FA6081C517DE}"
EndProject
Project("{FAE04EC0-301F-11D3-BF4B-00C04F79EFBC}") = "Data.Lawfullingo", "Data.Lawfullingo\Data.Lawfullingo.csproj", "{8BB917DE-411A-41BA-8BD9-F0D9A7E13F67}"
EndProject
Project("{FAE04EC0-301F-11D3-BF4B-00C04F79EFBC}") = "Application.Lawfullingo", "Application.Lawfullingo\Application.Lawfullingo.csproj", "{D3C1A7BA-7CCA-40D6-A72E-1B1ABFF2B1D4}"
EndProject
Project("{FAE04EC0-301F-11D3-BF4B-00C04F79EFBC}") = "ApplicationContract.Lawfullingo", "ApplicationContract.Lawfullingo\ApplicationContract.Lawfullingo.csproj", "{A98340C7-DAC5-4EE3-92AA-2AB572AF0110}"
EndProject
Project("{FAE04EC0-301F-11D3-BF4B-00C04F79EFBC}") = "Host.Lawfullingo", "Host.Lawfullingo\Host.Lawfullingo.csproj", "{1DEDF4A2-1B48-498F-ACB4-CC296D7C766A}"
EndProject
Global
	GlobalSection(SolutionConfigurationPlatforms) = preSolution
		Debug|Any CPU = Debug|Any CPU
		Release|Any CPU = Release|Any CPU
	EndGlobalSection
	GlobalSection(ProjectConfigurationPlatforms) = postSolution
		{FB94C3E4-0073-4CC0-8E35-FA6081C517DE}.Debug|Any CPU.ActiveCfg = Debug|Any CPU
		{FB94C3E4-0073-4CC0-8E35-FA6081C517DE}.Debug|Any CPU.Build.0 = Debug|Any CPU
		{FB94C3E4-0073-4CC0-8E35-FA6081C517DE}.Release|Any CPU.ActiveCfg = Release|Any CPU
		{FB94C3E4-0073-4CC0-8E35-FA6081C517DE}.Release|Any CPU.Build.0 = Release|Any CPU
		{8BB917DE-411A-41BA-8BD9-F0D9A7E13F67}.Debug|Any CPU.ActiveCfg = Debug|Any CPU
		{8BB917DE-411A-41BA-8BD9-F0D9A7E13F67}.Debug|Any CPU.Build.0 = Debug|Any CPU
		{8BB917DE-411A-41BA-8BD9-F0D9A7E13F67}.Release|Any CPU.ActiveCfg = Release|Any CPU
		{8BB917DE-411A-41BA-8BD9-F0D9A7E13F67}.Release|Any CPU.Build.0 = Release|Any CPU
		{D3C1A7BA-7CCA-40D6-A72E-1B1ABFF2B1D4}.Debug|Any CPU.ActiveCfg = Debug|Any CPU
		{D3C1A7BA-7CCA-40D6-A72E-1B1ABFF2B1D4}.Debug|Any CPU.Build.0 = Debug|Any CPU
		{D3C1A7BA-7CCA-40D6-A72E-1B1ABFF2B1D4}.Release|Any CPU.ActiveCfg = Release|Any CPU
		{D3C1A7BA-7CCA-40D6-A72E-1B1ABFF2B1D4}.Release|Any CPU.Build.0 = Release|Any CPU
		{A98340C7-DAC5-4EE3-92AA-2AB572AF0110}.Debug|Any CPU.ActiveCfg = Debug|Any CPU
		{A98340C7-DAC5-4EE3-92AA-2AB572AF0110}.Debug|Any CPU.Build.0 = Debug|Any CPU
		{A98340C7-DAC5-4EE3-92AA-2AB572AF0110}.Release|Any CPU.ActiveCfg = Release|Any CPU
		{A98340C7-DAC5-4EE3-92AA-2AB572AF0110}.Release|Any CPU.Build.0 = Release|Any CPU
		{1DEDF4A2-1B48-498F-ACB4-CC296D7C766A}.Debug|Any CPU.ActiveCfg = Debug|Any CPU
		{1DEDF4A2-1B48-498F-ACB4-CC296D7C766A}.Debug|Any CPU.Build.0 = Debug|Any CPU
		{1DEDF4A2-1B48-498F-ACB4-CC296D7C766A}.Release|Any CPU.ActiveCfg = Release|Any CPU
		{1DEDF4A2-1B48-498F-ACB4-CC296D7C766A}.Release|Any CPU.Build.0 = Release|Any CPU
	EndGlobalSection
	GlobalSection(SolutionProperties) = preSolution
		HideSolutionNode = FALSE
	EndGlobalSection
	GlobalSection(ExtensibilityGlobals) = postSolution
		SolutionGuid = {821B76A3-DF7C-42E8-9320-3114976E2F2E}
	EndGlobalSection
EndGlobal
